// !$*UTF8*$!
{
	archiveVersion = 1;
	classes = {
	};
	objectVersion = 77;
	objects = {

/* Begin PBXContainerItemProxy section */
		6C9DB8ED2F12AB7200E88532 /* PBXContainerItemProxy */ = {
			isa = PBXContainerItemProxy;
			containerPortal = 6C9DB8CE2F12AB7000E88532 /* Project object */;
			proxyType = 1;
			remoteGlobalIDString = 6C9DB8D52F12AB7000E88532;
			remoteInfo = smartdustcollector;
		};
		6C9DB8F72F12AB7200E88532 /* PBXContainerItemProxy */ = {
			isa = PBXContainerItemProxy;
			containerPortal = 6C9DB8CE2F12AB7000E88532 /* Project object */;
			proxyType = 1;
			remoteGlobalIDString = 6C9DB8D52F12AB7000E88532;
			remoteInfo = smartdustcollector;
		};
/* End PBXContainerItemProxy section */

/* Begin PBXFileReference section */
		6C9DB8D62F12AB7000E88532 /* smartdustcollector.app */ = {isa = PBXFileReference; explicitFileType = wrapper.application; includeInIndex = 0; path = smartdustcollector.app; sourceTree = BUILT_PRODUCTS_DIR; };
		6C9DB8EC2F12AB7200E88532 /* smartdustcollectorTests.xctest */ = {isa = PBXFileReference; explicitFileType = wrapper.cfbundle; includeInIndex = 0; path = smartdustcollectorTests.xctest; sourceTree = BUILT_PRODUCTS_DIR; };
		6C9DB8F62F12AB7200E88532 /* smartdustcollectorUITests.xctest */ = {isa = PBXFileReference; explicitFileType = wrapper.cfbundle; includeInIndex = 0; path = smartdustcollectorUITests.xctest; sourceTree = BUILT_PRODUCTS_DIR; };
/* End PBXFileReference section */

/* Begin PBXFileSystemSynchronizedRootGroup section */
		6C9DB8D82F12AB7000E88532 /* smartdustcollector */ = {
			isa = PBXFileSystemSynchronizedRootGroup;
			path = smartdustcollector;
			sourceTree = "<group>";
		};
		6C9DB8EF2F12AB7200E88532 /* smartdustcollectorTests */ = {
			isa = PBXFileSystemSynchronizedRootGroup;
			path = smartdustcollectorTests;
			sourceTree = "<group>";
		};
		6C9DB8F92F12AB7200E88532 /* smartdustcollectorUITests */ = {
			isa = PBXFileSystemSynchronizedRootGroup;
			path = smartdustcollectorUITests;
			sourceTree = "<group>";
		};
/* End PBXFileSystemSynchronizedRootGroup section */

/* Begin PBXFrameworksBuildPhase section */
		6C9DB8D32F12AB7000E88532 /* Frameworks */ = {
			isa = PBXFrameworksBuildPhase;
			buildActionMask = 2147483647;
			files = (
			);
			runOnlyForDeploymentPostprocessing = 0;
		};
		6C9DB8E92F12AB7200E88532 /* Frameworks */ = {
			isa = PBXFrameworksBuildPhase;
			buildActionMask = 2147483647;
			files = (
			);
			runOnlyForDeploymentPostprocessing = 0;
		};
		6C9DB8F32F12AB7200E88532 /* Frameworks */ = {
			isa = PBXFrameworksBuildPhase;
			buildActionMask = 2147483647;
			files = (
			);
			runOnlyForDeploymentPostprocessing = 0;
		};
/* End PBXFrameworksBuildPhase section */

/* Begin PBXGroup section */
		6C9DB8CD2F12AB7000E88532 = {
			isa = PBXGroup;
			children = (
				6C9DB8D82F12AB7000E88532 /* smartdustcollector */,
				6C9DB8EF2F12AB7200E88532 /* smartdustcollectorTests */,
				6C9DB8F92F12AB7200E88532 /* smartdustcollectorUITests */,
				6C9DB8D72F12AB7000E88532 /* Products */,
			);
			sourceTree = "<group>";
		};
		6C9DB8D72F12AB7000E88532 /* Products */ = {
			isa = PBXGroup;
			children = (
				6C9DB8D62F12AB7000E88532 /* smartdustcollector.app */,
				6C9DB8EC2F12AB7200E88532 /* smartdustcollectorTests.xctest */,
				6C9DB8F62F12AB7200E88532 /* smartdustcollectorUITests.xctest */,
			);
			name = Products;
			sourceTree = "<group>";
		};
/* End PBXGroup section */

/* Begin PBXNativeTarget section */
		6C9DB8D52F12AB7000E88532 /* smartdustcollector */ = {
			isa = PBXNativeTarget;
			buildConfigurationList = 6C9DB9002F12AB7200E88532 /* Build configuration list for PBXNativeTarget "smartdustcollector" */;
			buildPhases = (
				6C9DB8FA2F12AB7200E88532 /* SwiftLint */,
				6C9DB8D22F12AB7000E88532 /* Sources */,
				6C9DB8D32F12AB7000E88532 /* Frameworks */,
				6C9DB8D42F12AB7000E88532 /* Resources */,
			);
			buildRules = (
			);
			dependencies = (
			);
			fileSystemSynchronizedGroups = (
				6C9DB8D82F12AB7000E88532 /* smartdustcollector */,
			);
			name = smartdustcollector;
			packageProductDependencies = (
			);
			productName = smartdustcollector;
			productReference = 6C9DB8D62F12AB7000E88532 /* smartdustcollector.app */;
			productType = "com.apple.product-type.application";
		};
		6C9DB8EB2F12AB7200E88532 /* smartdustcollectorTests */ = {
			isa = PBXNativeTarget;
			buildConfigurationList = 6C9DB9032F12AB7200E88532 /* Build configuration list for PBXNativeTarget "smartdustcollectorTests" */;
			buildPhases = (
				6C9DB8E82F12AB7200E88532 /* Sources */,
				6C9DB8E92F12AB7200E88532 /* Frameworks */,
				6C9DB8EA2F12AB7200E88532 /* Resources */,
			);
			buildRules = (
			);
			dependencies = (
				6C9DB8EE2F12AB7200E88532 /* PBXTargetDependency */,
			);
			fileSystemSynchronizedGroups = (
				6C9DB8EF2F12AB7200E88532 /* smartdustcollectorTests */,
			);
			name = smartdustcollectorTests;
			packageProductDependencies = (
			);
			productName = smartdustcollectorTests;
			productReference = 6C9DB8EC2F12AB7200E88532 /* smartdustcollectorTests.xctest */;
			productType = "com.apple.product-type.bundle.unit-test";
		};
		6C9DB8F52F12AB7200E88532 /* smartdustcollectorUITests */ = {
			isa = PBXNativeTarget;
			buildConfigurationList = 6C9DB9062F12AB7200E88532 /* Build configuration list for PBXNativeTarget "smartdustcollectorUITests" */;
			buildPhases = (
				6C9DB8F22F12AB7200E88532 /* Sources */,
				6C9DB8F32F12AB7200E88532 /* Frameworks */,
				6C9DB8F42F12AB7200E88532 /* Resources */,
			);
			buildRules = (
			);
			dependencies = (
				6C9DB8F82F12AB7200E88532 /* PBXTargetDependency */,
			);
			fileSystemSynchronizedGroups = (
				6C9DB8F92F12AB7200E88532 /* smartdustcollectorUITests */,
			);
			name = smartdustcollectorUITests;
			packageProductDependencies = (
			);
			productName = smartdustcollectorUITests;
			productReference = 6C9DB8F62F12AB7200E88532 /* smartdustcollectorUITests.xctest */;
			productType = "com.apple.product-type.bundle.ui-testing";
		};
/* End PBXNativeTarget section */

/* Begin PBXProject section */
		6C9DB8CE2F12AB7000E88532 /* Project object */ = {
			isa = PBXProject;
			attributes = {
				BuildIndependentTargetsInParallel = 1;
				LastSwiftUpdateCheck = 2620;
				LastUpgradeCheck = 2620;
				TargetAttributes = {
					6C9DB8D52F12AB7000E88532 = {
						CreatedOnToolsVersion = 26.2;
					};
					6C9DB8EB2F12AB7200E88532 = {
						CreatedOnToolsVersion = 26.2;
						TestTargetID = 6C9DB8D52F12AB7000E88532;
					};
					6C9DB8F52F12AB7200E88532 = {
						CreatedOnToolsVersion = 26.2;
						TestTargetID = 6C9DB8D52F12AB7000E88532;
					};
				};
			};
			buildConfigurationList = 6C9DB8D12F12AB7000E88532 /* Build configuration list for PBXProject "smartdustcollector" */;
			developmentRegion = en;
			hasScannedForEncodings = 0;
			knownRegions = (
				en,
				Base,
			);
			mainGroup = 6C9DB8CD2F12AB7000E88532;
			minimizedProjectReferenceProxies = 1;
			preferredProjectObjectVersion = 77;
			productRefGroup = 6C9DB8D72F12AB7000E88532 /* Products */;
			projectDirPath = "";
			projectRoot = "";
			targets = (
				6C9DB8D52F12AB7000E88532 /* smartdustcollector */,
				6C9DB8EB2F12AB7200E88532 /* smartdustcollectorTests */,
				6C9DB8F52F12AB7200E88532 /* smartdustcollectorUITests */,
			);
		};
/* End PBXProject section */

/* Begin PBXResourcesBuildPhase section */
		6C9DB8D42F12AB7000E88532 /* Resources */ = {
			isa = PBXResourcesBuildPhase;
			buildActionMask = 2147483647;
			files = (
			);
			runOnlyForDeploymentPostprocessing = 0;
		};
		6C9DB8EA2F12AB7200E88532 /* Resources */ = {
			isa = PBXResourcesBuildPhase;
			buildActionMask = 2147483647;
			files = (
			);
			runOnlyForDeploymentPostprocessing = 0;
		};
		6C9DB8F42F12AB7200E88532 /* Resources */ = {
			isa = PBXResourcesBuildPhase;
			buildActionMask = 2147483647;
			files = (
			);
			runOnlyForDeploymentPostprocessing = 0;
		};
/* End PBXResourcesBuildPhase section */

/* Begin PBXShellScriptBuildPhase section */
		6C9DB8FA2F12AB7200E88532 /* SwiftLint */ = {
			isa = PBXShellScriptBuildPhase;
			alwaysOutOfDate = 1;
			buildActionMask = 2147483647;
			files = (
			);
			inputFileListPaths = (
			);
			inputPaths = (
				"${SRCROOT}/.swiftlint.yml",
				"${SRCROOT}/smartdustcollector",
				"${SRCROOT}/smartdustcollectorTests",
			);
			name = SwiftLint;
			outputFileListPaths = (
			);
			outputPaths = (
			);
			runOnlyForDeploymentPostprocessing = 0;
			shellPath = /bin/sh;
			shellScript = "cd \"${SRCROOT}\"\nexport PATH=\"/usr/local/bin:/opt/homebrew/bin:$PATH\"\n\n# Try to find SwiftLint in common locations\nSWIFTLINT_PATH=\"\"\nif [ -f \"/opt/homebrew/bin/swiftlint\" ]; then\n  SWIFTLINT_PATH=\"/opt/homebrew/bin/swiftlint\"\nelif [ -f \"/usr/local/bin/swiftlint\" ]; then\n  SWIFTLINT_PATH=\"/usr/local/bin/swiftlint\"\nelif which swiftlint >/dev/null 2>&1; then\n  SWIFTLINT_PATH=$(which swiftlint)\nfi\n\nif [ -n \"$SWIFTLINT_PATH\" ]; then\n  # Don't specify --config explicitly to avoid sandbox issues\n  # SwiftLint will automatically find .swiftlint.yml in the current directory\n  \"$SWIFTLINT_PATH\"\nelse\n  echo \"warning: SwiftLint not installed, download from https://github.com/realm/SwiftLint\"\n  echo \"Install via: brew install swiftlint\"\nfi\n";
		};
/* End PBXShellScriptBuildPhase section */

/* Begin PBXSourcesBuildPhase section */
		6C9DB8D22F12AB7000E88532 /* Sources */ = {
			isa = PBXSourcesBuildPhase;
			buildActionMask = 2147483647;
			files = (
			);
			runOnlyForDeploymentPostprocessing = 0;
		};
		6C9DB8E82F12AB7200E88532 /* Sources */ = {
			isa = PBXSourcesBuildPhase;
			buildActionMask = 2147483647;
			files = (
			);
			runOnlyForDeploymentPostprocessing = 0;
		};
		6C9DB8F22F12AB7200E88532 /* Sources */ = {
			isa = PBXSourcesBuildPhase;
			buildActionMask = 2147483647;
			files = (
			);
			runOnlyForDeploymentPostprocessing = 0;
		};
/* End PBXSourcesBuildPhase section */

/* Begin PBXTargetDependency section */
		6C9DB8EE2F12AB7200E88532 /* PBXTargetDependency */ = {
			isa = PBXTargetDependency;
			target = 6C9DB8D52F12AB7000E88532 /* smartdustcollector */;
			targetProxy = 6C9DB8ED2F12AB7200E88532 /* PBXContainerItemProxy */;
		};
		6C9DB8F82F12AB7200E88532 /* PBXTargetDependency */ = {
			isa = PBXTargetDependency;
			target = 6C9DB8D52F12AB7000E88532 /* smartdustcollector */;
			targetProxy = 6C9DB8F72F12AB7200E88532 /* PBXContainerItemProxy */;
		};
/* End PBXTargetDependency section */

/* Begin XCBuildConfiguration section */
		6C9DB8FE2F12AB7200E88532 /* Debug */ = {
			isa = XCBuildConfiguration;
			buildSettings = {
				ALWAYS_SEARCH_USER_PATHS = NO;
				ASSETCATALOG_COMPILER_GENERATE_SWIFT_ASSET_SYMBOL_EXTENSIONS = YES;
				CLANG_ANALYZER_NONNULL = YES;
				CLANG_ANALYZER_NUMBER_OBJECT_CONVERSION = YES_AGGRESSIVE;
				CLANG_CXX_LANGUAGE_STANDARD = "gnu++20";
				CLANG_ENABLE_MODULES = YES;
				CLANG_ENABLE_OBJC_ARC = YES;
				CLANG_ENABLE_OBJC_WEAK = YES;
				CLANG_WARN_BLOCK_CAPTURE_AUTORELEASING = YES;
				CLANG_WARN_BOOL_CONVERSION = YES;
				CLANG_WARN_COMMA = YES;
				CLANG_WARN_CONSTANT_CONVERSION = YES;
				CLANG_WARN_DEPRECATED_OBJC_IMPLEMENTATIONS = YES;
				CLANG_WARN_DIRECT_OBJC_ISA_USAGE = YES_ERROR;
				CLANG_WARN_DOCUMENTATION_COMMENTS = YES;
				CLANG_WARN_EMPTY_BODY = YES;
				CLANG_WARN_ENUM_CONVERSION = YES;
				CLANG_WARN_INFINITE_RECURSION = YES;
				CLANG_WARN_INT_CONVERSION = YES;
				CLANG_WARN_NON_LITERAL_NULL_CONVERSION = YES;
				CLANG_WARN_OBJC_IMPLICIT_RETAIN_SELF = YES;
				CLANG_WARN_OBJC_LITERAL_CONVERSION = YES;
				CLANG_WARN_OBJC_ROOT_CLASS = YES_ERROR;
				CLANG_WARN_QUOTED_INCLUDE_IN_FRAMEWORK_HEADER = YES;
				CLANG_WARN_RANGE_LOOP_ANALYSIS = YES;
				CLANG_WARN_STRICT_PROTOTYPES = YES;
				CLANG_WARN_SUSPICIOUS_MOVE = YES;
				CLANG_WARN_UNGUARDED_AVAILABILITY = YES_AGGRESSIVE;
				CLANG_WARN_UNREACHABLE_CODE = YES;
				CLANG_WARN__DUPLICATE_METHOD_MATCH = YES;
				COPY_PHASE_STRIP = NO;
				DEBUG_INFORMATION_FORMAT = dwarf;
				ENABLE_STRICT_OBJC_MSGSEND = YES;
				ENABLE_TESTABILITY = YES;
				ENABLE_USER_SCRIPT_SANDBOXING = YES;
				GCC_C_LANGUAGE_STANDARD = gnu17;
				GCC_DYNAMIC_NO_PIC = NO;
				GCC_NO_COMMON_BLOCKS = YES;
				GCC_OPTIMIZATION_LEVEL = 0;
				GCC_PREPROCESSOR_DEFINITIONS = (
					"DEBUG=1",
					"$(inherited)",
				);
				GCC_WARN_64_TO_32_BIT_CONVERSION = YES;
				GCC_WARN_ABOUT_RETURN_TYPE = YES_ERROR;
				GCC_WARN_UNDECLARED_SELECTOR = YES;
				GCC_WARN_UNINITIALIZED_AUTOS = YES_AGGRESSIVE;
				GCC_WARN_UNUSED_FUNCTION = YES;
				GCC_WARN_UNUSED_VARIABLE = YES;
				LOCALIZATION_PREFERS_STRING_CATALOGS = YES;
				MACOSX_DEPLOYMENT_TARGET = 26.0;
				MTL_ENABLE_DEBUG_INFO = INCLUDE_SOURCE;
				MTL_FAST_MATH = YES;
				ONLY_ACTIVE_ARCH = YES;
				SDKROOT = macosx;
				SWIFT_ACTIVE_COMPILATION_CONDITIONS = "DEBUG $(inherited)";
				SWIFT_OPTIMIZATION_LEVEL = "-Onone";
			};
			name = Debug;
		};
		6C9DB8FF2F12AB7200E88532 /* Release */ = {
			isa = XCBuildConfiguration;
			buildSettings = {
				ALWAYS_SEARCH_USER_PATHS = NO;
				ASSETCATALOG_COMPILER_GENERATE_SWIFT_ASSET_SYMBOL_EXTENSIONS = YES;
				CLANG_ANALYZER_NONNULL = YES;
				CLANG_ANALYZER_NUMBER_OBJECT_CONVERSION = YES_AGGRESSIVE;
				CLANG_CXX_LANGUAGE_STANDARD = "gnu++20";
				CLANG_ENABLE_MODULES = YES;
				CLANG_ENABLE_OBJC_ARC = YES;
				CLANG_ENABLE_OBJC_WEAK = YES;
				CLANG_WARN_BLOCK_CAPTURE_AUTORELEASING = YES;
				CLANG_WARN_BOOL_CONVERSION = YES;
				CLANG_WARN_COMMA = YES;
				CLANG_WARN_CONSTANT_CONVERSION = YES;
				CLANG_WARN_DEPRECATED_OBJC_IMPLEMENTATIONS = YES;
				CLANG_WARN_DIRECT_OBJC_ISA_USAGE = YES_ERROR;
				CLANG_WARN_DOCUMENTATION_COMMENTS = YES;
				CLANG_WARN_EMPTY_BODY = YES;
				CLANG_WARN_ENUM_CONVERSION = YES;
				CLANG_WARN_INFINITE_RECURSION = YES;
				CLANG_WARN_INT_CONVERSION = YES;
				CLANG_WARN_NON_LITERAL_NULL_CONVERSION = YES;
				CLANG_WARN_OBJC_IMPLICIT_RETAIN_SELF = YES;
				CLANG_WARN_OBJC_LITERAL_CONVERSION = YES;
				CLANG_WARN_OBJC_ROOT_CLASS = YES_ERROR;
				CLANG_WARN_QUOTED_INCLUDE_IN_FRAMEWORK_HEADER = YES;
				CLANG_WARN_RANGE_LOOP_ANALYSIS = YES;
				CLANG_WARN_STRICT_PROTOTYPES = YES;
				CLANG_WARN_SUSPICIOUS_MOVE = YES;
				CLANG_WARN_UNGUARDED_AVAILABILITY = YES_AGGRESSIVE;
				CLANG_WARN_UNREACHABLE_CODE = YES;
				CLANG_WARN__DUPLICATE_METHOD_MATCH = YES;
				COPY_PHASE_STRIP = NO;
				DEBUG_INFORMATION_FORMAT = "dwarf-with-dsym";
				ENABLE_NS_ASSERTIONS = NO;
				ENABLE_STRICT_OBJC_MSGSEND = YES;
				ENABLE_USER_SCRIPT_SANDBOXING = YES;
				GCC_C_LANGUAGE_STANDARD = gnu17;
				GCC_NO_COMMON_BLOCKS = YES;
				GCC_WARN_64_TO_32_BIT_CONVERSION = YES;
				GCC_WARN_ABOUT_RETURN_TYPE = YES_ERROR;
				GCC_WARN_UNDECLARED_SELECTOR = YES;
				GCC_WARN_UNINITIALIZED_AUTOS = YES_AGGRESSIVE;
				GCC_WARN_UNUSED_FUNCTION = YES;
				GCC_WARN_UNUSED_VARIABLE = YES;
				LOCALIZATION_PREFERS_STRING_CATALOGS = YES;
				MACOSX_DEPLOYMENT_TARGET = 26.0;
				MTL_ENABLE_DEBUG_INFO = NO;
				MTL_FAST_MATH = YES;
				SDKROOT = macosx;
				SWIFT_COMPILATION_MODE = wholemodule;
			};
			name = Release;
		};
		6C9DB9012F12AB7200E88532 /* Debug */ = {
			isa = XCBuildConfiguration;
			buildSettings = {
				ASSETCATALOG_COMPILER_APPICON_NAME = AppIcon;
				ASSETCATALOG_COMPILER_GLOBAL_ACCENT_COLOR_NAME = AccentColor;
				CODE_SIGN_STYLE = Automatic;
				COMBINE_HIDPI_IMAGES = YES;
				CURRENT_PROJECT_VERSION = 1;
				ENABLE_APP_SANDBOX = YES;
				ENABLE_USER_SELECTED_FILES = readonly;
				GENERATE_INFOPLIST_FILE = YES;
				INFOPLIST_KEY_CFBundleDisplayName = "StarDust Collector";
				INFOPLIST_KEY_CFBundleName = "StarDust Collector";
				INFOPLIST_KEY_NSHumanReadableCopyright = "";
				INFOPLIST_KEY_NSMainStoryboardFile = Main;
				INFOPLIST_KEY_NSPrincipalClass = NSApplication;
				LD_RUNPATH_SEARCH_PATHS = (
					"$(inherited)",
					"@executable_path/../Frameworks",
				);
				MACOSX_DEPLOYMENT_TARGET = 26.0;
				MARKETING_VERSION = 1.0;
				PRODUCT_BUNDLE_IDENTIFIER = com.serpko.smartdustcollector;
				PRODUCT_NAME = "$(TARGET_NAME)";
				REGISTER_APP_GROUPS = YES;
				STRING_CATALOG_GENERATE_SYMBOLS = YES;
				SWIFT_APPROACHABLE_CONCURRENCY = YES;
				SWIFT_DEFAULT_ACTOR_ISOLATION = MainActor;
				SWIFT_EMIT_LOC_STRINGS = YES;
				SWIFT_UPCOMING_FEATURE_MEMBER_IMPORT_VISIBILITY = YES;
				SWIFT_VERSION = 5.0;
			};
			name = Debug;
		};
		6C9DB9022F12AB7200E88532 /* Release */ = {
			isa = XCBuildConfiguration;
			buildSettings = {
				ASSETCATALOG_COMPILER_APPICON_NAME = AppIcon;
				ASSETCATALOG_COMPILER_GLOBAL_ACCENT_COLOR_NAME = AccentColor;
				CODE_SIGN_STYLE = Automatic;
				COMBINE_HIDPI_IMAGES = YES;
				CURRENT_PROJECT_VERSION = 1;
				ENABLE_APP_SANDBOX = YES;
				ENABLE_USER_SELECTED_FILES = readonly;
				GENERATE_INFOPLIST_FILE = YES;
				INFOPLIST_KEY_CFBundleDisplayName = "StarDust Collector";
				INFOPLIST_KEY_CFBundleName = "StarDust Collector";
				INFOPLIST_KEY_NSHumanReadableCopyright = "";
				INFOPLIST_KEY_NSMainStoryboardFile = Main;
				INFOPLIST_KEY_NSPrincipalClass = NSApplication;
				LD_RUNPATH_SEARCH_PATHS = (
					"$(inherited)",
					"@executable_path/../Frameworks",
				);
				MACOSX_DEPLOYMENT_TARGET = 26.0;
				MARKETING_VERSION = 1.0;
				PRODUCT_BUNDLE_IDENTIFIER = com.serpko.smartdustcollector;
				PRODUCT_NAME = "$(TARGET_NAME)";
				REGISTER_APP_GROUPS = YES;
				STRING_CATALOG_GENERATE_SYMBOLS = YES;
				SWIFT_APPROACHABLE_CONCURRENCY = YES;
				SWIFT_DEFAULT_ACTOR_ISOLATION = MainActor;
				SWIFT_EMIT_LOC_STRINGS = YES;
				SWIFT_UPCOMING_FEATURE_MEMBER_IMPORT_VISIBILITY = YES;
				SWIFT_VERSION = 5.0;
			};
			name = Release;
		};
		6C9DB9042F12AB7200E88532 /* Debug */ = {
			isa = XCBuildConfiguration;
			buildSettings = {
				BUNDLE_LOADER = "$(TEST_HOST)";
				CODE_SIGN_STYLE = Automatic;
				CURRENT_PROJECT_VERSION = 1;
				GENERATE_INFOPLIST_FILE = YES;
				MACOSX_DEPLOYMENT_TARGET = 26.0;
				MARKETING_VERSION = 1.0;
				PRODUCT_BUNDLE_IDENTIFIER = com.serpko.smartdustcollectorTests;
				PRODUCT_NAME = "$(TARGET_NAME)";
				STRING_CATALOG_GENERATE_SYMBOLS = NO;
				SWIFT_APPROACHABLE_CONCURRENCY = YES;
				SWIFT_EMIT_LOC_STRINGS = NO;
				SWIFT_UPCOMING_FEATURE_MEMBER_IMPORT_VISIBILITY = YES;
				SWIFT_VERSION = 5.0;
				TEST_HOST = "$(BUILT_PRODUCTS_DIR)/smartdustcollector.app/$(BUNDLE_EXECUTABLE_FOLDER_PATH)/smartdustcollector";
			};
			name = Debug;
		};
		6C9DB9052F12AB7200E88532 /* Release */ = {
			isa = XCBuildConfiguration;
			buildSettings = {
				BUNDLE_LOADER = "$(TEST_HOST)";
				CODE_SIGN_STYLE = Automatic;
				CURRENT_PROJECT_VERSION = 1;
				GENERATE_INFOPLIST_FILE = YES;
				MACOSX_DEPLOYMENT_TARGET = 26.0;
				MARKETING_VERSION = 1.0;
				PRODUCT_BUNDLE_IDENTIFIER = com.serpko.smartdustcollectorTests;
				PRODUCT_NAME = "$(TARGET_NAME)";
				STRING_CATALOG_GENERATE_SYMBOLS = NO;
				SWIFT_APPROACHABLE_CONCURRENCY = YES;
				SWIFT_EMIT_LOC_STRINGS = NO;
				SWIFT_UPCOMING_FEATURE_MEMBER_IMPORT_VISIBILITY = YES;
				SWIFT_VERSION = 5.0;
				TEST_HOST = "$(BUILT_PRODUCTS_DIR)/smartdustcollector.app/$(BUNDLE_EXECUTABLE_FOLDER_PATH)/smartdustcollector";
			};
			name = Release;
		};
		6C9DB9072F12AB7200E88532 /* Debug */ = {
			isa = XCBuildConfiguration;
			buildSettings = {
				CODE_SIGN_STYLE = Automatic;
				CURRENT_PROJECT_VERSION = 1;
				GENERATE_INFOPLIST_FILE = YES;
				MARKETING_VERSION = 1.0;
				PRODUCT_BUNDLE_IDENTIFIER = com.serpko.smartdustcollectorUITests;
				PRODUCT_NAME = "$(TARGET_NAME)";
				STRING_CATALOG_GENERATE_SYMBOLS = NO;
				SWIFT_APPROACHABLE_CONCURRENCY = YES;
				SWIFT_EMIT_LOC_STRINGS = NO;
				SWIFT_UPCOMING_FEATURE_MEMBER_IMPORT_VISIBILITY = YES;
				SWIFT_VERSION = 5.0;
				TEST_TARGET_NAME = smartdustcollector;
			};
			name = Debug;
		};
		6C9DB9082F12AB7200E88532 /* Release */ = {
			isa = XCBuildConfiguration;
			buildSettings = {
				CODE_SIGN_STYLE = Automatic;
				CURRENT_PROJECT_VERSION = 1;
				GENERATE_INFOPLIST_FILE = YES;
				MARKETING_VERSION = 1.0;
				PRODUCT_BUNDLE_IDENTIFIER = com.serpko.smartdustcollectorUITests;
				PRODUCT_NAME = "$(TARGET_NAME)";
				STRING_CATALOG_GENERATE_SYMBOLS = NO;
				SWIFT_APPROACHABLE_CONCURRENCY = YES;
				SWIFT_EMIT_LOC_STRINGS = NO;
				SWIFT_UPCOMING_FEATURE_MEMBER_IMPORT_VISIBILITY = YES;
				SWIFT_VERSION = 5.0;
				TEST_TARGET_NAME = smartdustcollector;
			};
			name = Release;
		};
/* End XCBuildConfiguration section */

/* Begin XCConfigurationList section */
		6C9DB8D12F12AB7000E88532 /* Build configuration list for PBXProject "smartdustcollector" */ = {
			isa = XCConfigurationList;
			buildConfigurations = (
				6C9DB8FE2F12AB7200E88532 /* Debug */,
				6C9DB8FF2F12AB7200E88532 /* Release */,
			);
			defaultConfigurationIsVisible = 0;
			defaultConfigurationName = Release;
		};
		6C9DB9002F12AB7200E88532 /* Build configuration list for PBXNativeTarget "smartdustcollector" */ = {
			isa = XCConfigurationList;
			buildConfigurations = (
				6C9DB9012F12AB7200E88532 /* Debug */,
				6C9DB9022F12AB7200E88532 /* Release */,
			);
			defaultConfigurationIsVisible = 0;
			defaultConfigurationName = Release;
		};
		6C9DB9032F12AB7200E88532 /* Build configuration list for PBXNativeTarget "smartdustcollectorTests" */ = {
			isa = XCConfigurationList;
			buildConfigurations = (
				6C9DB9042F12AB7200E88532 /* Debug */,
				6C9DB9052F12AB7200E88532 /* Release */,
			);
			defaultConfigurationIsVisible = 0;
			defaultConfigurationName = Release;
		};
		6C9DB9062F12AB7200E88532 /* Build configuration list for PBXNativeTarget "smartdustcollectorUITests" */ = {
			isa = XCConfigurationList;
			buildConfigurations = (
				6C9DB9072F12AB7200E88532 /* Debug */,
				6C9DB9082F12AB7200E88532 /* Release */,
			);
			defaultConfigurationIsVisible = 0;
			defaultConfigurationName = Release;
		};
/* End XCConfigurationList section */
	};
	rootObject = 6C9DB8CE2F12AB7000E88532 /* Project object */;
}
